
Microsoft Visual Studio Solution File, Format Version 12.00
# Visual Studio 2012
Project("{FAE04EC0-301F-11D3-BF4B-00C04F79EFBC}") = "BosphorusEngine", "BosphorusEngine.csproj", "{013089B6-34EA-4644-978A-66F6EDC2D280}"
EndProject
Project("{FAE04EC0-301F-11D3-BF4B-00C04F79EFBC}") = "YamlDotNet", "..\Disunity\YamlDotNet\YamlDotNet\YamlDotNet.csproj", "{BF32DE1B-6276-4341-B212-F8862ADBBA7A}"
EndProject
Global
	GlobalSection(SolutionConfigurationPlatforms) = preSolution
		Debug|Any CPU = Debug|Any CPU
		Release|Any CPU = Release|Any CPU
	EndGlobalSection
	GlobalSection(ProjectConfigurationPlatforms) = postSolution
		{013089B6-34EA-4644-978A-66F6EDC2D280}.Debug|Any CPU.ActiveCfg = Debug|Any CPU
		{013089B6-34EA-4644-978A-66F6EDC2D280}.Debug|Any CPU.Build.0 = Debug|Any CPU
		{013089B6-34EA-4644-978A-66F6EDC2D280}.Release|Any CPU.ActiveCfg = Release|Any CPU
		{013089B6-34EA-4644-978A-66F6EDC2D280}.Release|Any CPU.Build.0 = Release|Any CPU
		{BF32DE1B-6276-4341-B212-F8862ADBBA7A}.Debug|Any CPU.ActiveCfg = Debug|Any CPU
		{BF32DE1B-6276-4341-B212-F8862ADBBA7A}.Debug|Any CPU.Build.0 = Debug|Any CPU
		{BF32DE1B-6276-4341-B212-F8862ADBBA7A}.Release|Any CPU.ActiveCfg = Release|Any CPU
		{BF32DE1B-6276-4341-B212-F8862ADBBA7A}.Release|Any CPU.Build.0 = Release|Any CPU
		{013089B6-34EA-4644-978A-66F6EDC2D280}.Debug|Any CPU.ActiveCfg = Debug|Any CPU
		{013089B6-34EA-4644-978A-66F6EDC2D280}.Debug|Any CPU.Build.0 = Debug|Any CPU
		{013089B6-34EA-4644-978A-66F6EDC2D280}.Release|Any CPU.ActiveCfg = Release|Any CPU
		{013089B6-34EA-4644-978A-66F6EDC2D280}.Release|Any CPU.Build.0 = Release|Any CPU
	EndGlobalSection
	GlobalSection(MonoDevelopProperties) = preSolution
		StartupItem = BosphorusEngine.csproj
	EndGlobalSection
EndGlobal
